// !$*UTF8*$!
{
	archiveVersion = 1;
	classes = {
	};
	objectVersion = 51;
	objects = {

/* Begin PBXBuildFile section */
		8A1D6921A71CE0577ADF2CE6 /* Pods_TNL.framework in Frameworks */ = {isa = PBXBuildFile; fileRef = 7543842B17FCCA3E1A20B87A /* Pods_TNL.framework */; };
		8A4A3E0623DE950300672C09 /* SettingsViewModel.swift in Sources */ = {isa = PBXBuildFile; fileRef = 8A4A3E0523DE950300672C09 /* SettingsViewModel.swift */; };
		8A4A3E0923DE9AD900672C09 /* SettingsTableViewController.swift in Sources */ = {isa = PBXBuildFile; fileRef = 8A4A3E0723DE9AD900672C09 /* SettingsTableViewController.swift */; };
		8A4A3E0A23DE9AD900672C09 /* SettingsTableViewController.xib in Resources */ = {isa = PBXBuildFile; fileRef = 8A4A3E0823DE9AD900672C09 /* SettingsTableViewController.xib */; };
		8AA6709A23DA92D800614493 /* AppDelegate.swift in Sources */ = {isa = PBXBuildFile; fileRef = 8AA6709923DA92D800614493 /* AppDelegate.swift */; };
		8AA6709C23DA92D800614493 /* SceneDelegate.swift in Sources */ = {isa = PBXBuildFile; fileRef = 8AA6709B23DA92D800614493 /* SceneDelegate.swift */; };
		8AA6709E23DA92D800614493 /* LandingViewController.swift in Sources */ = {isa = PBXBuildFile; fileRef = 8AA6709D23DA92D800614493 /* LandingViewController.swift */; };
		8AA670A323DA92DF00614493 /* Assets.xcassets in Resources */ = {isa = PBXBuildFile; fileRef = 8AA670A223DA92DF00614493 /* Assets.xcassets */; };
		8AA670B123DA998000614493 /* LaunchScreen.storyboard in Resources */ = {isa = PBXBuildFile; fileRef = 8AA670A423DA92DF00614493 /* LaunchScreen.storyboard */; };
		8AA670B223DA998600614493 /* Landing.storyboard in Resources */ = {isa = PBXBuildFile; fileRef = 8AA6709F23DA92D800614493 /* Landing.storyboard */; };
		8AA670B623DA9D4400614493 /* LoginViewController.swift in Sources */ = {isa = PBXBuildFile; fileRef = 8AA670B423DA9D4300614493 /* LoginViewController.swift */; };
		8AA670B723DA9D4400614493 /* LoginViewController.xib in Resources */ = {isa = PBXBuildFile; fileRef = 8AA670B523DA9D4300614493 /* LoginViewController.xib */; };
		8AA670BB23DA9FED00614493 /* ColorsExtensions.swift in Sources */ = {isa = PBXBuildFile; fileRef = 8AA670BA23DA9FED00614493 /* ColorsExtensions.swift */; };
		8AA670BF23DAB05300614493 /* SimpleNotificationViewController.swift in Sources */ = {isa = PBXBuildFile; fileRef = 8AA670BD23DAB05300614493 /* SimpleNotificationViewController.swift */; };
		8AA670C023DAB05300614493 /* SimpleNotificationViewController.xib in Resources */ = {isa = PBXBuildFile; fileRef = 8AA670BE23DAB05300614493 /* SimpleNotificationViewController.xib */; };
		8AA670C223DAB22D00614493 /* UITapGestureRecognizerExtensions.swift in Sources */ = {isa = PBXBuildFile; fileRef = 8AA670C123DAB22D00614493 /* UITapGestureRecognizerExtensions.swift */; };
		8AA670C423DABCA500614493 /* UIViewControllerExtensions.swift in Sources */ = {isa = PBXBuildFile; fileRef = 8AA670C323DABCA500614493 /* UIViewControllerExtensions.swift */; };
		8AA670C823DAD67D00614493 /* StringExtensions.swift in Sources */ = {isa = PBXBuildFile; fileRef = 8AA670C723DAD67D00614493 /* StringExtensions.swift */; };
		8AA670E023DBDBB300614493 /* ChallengeModel.swift in Sources */ = {isa = PBXBuildFile; fileRef = 8AA670DF23DBDBB300614493 /* ChallengeModel.swift */; };
		8AA670EB23DC9A6C00614493 /* ChallengesTableViewController.swift in Sources */ = {isa = PBXBuildFile; fileRef = 8AA670E923DC9A6C00614493 /* ChallengesTableViewController.swift */; };
		8AA670EC23DC9A6C00614493 /* ChallengesTableViewController.xib in Resources */ = {isa = PBXBuildFile; fileRef = 8AA670EA23DC9A6C00614493 /* ChallengesTableViewController.xib */; };
		8AA670EE23DC9DE100614493 /* ChallengesTableViewModel.swift in Sources */ = {isa = PBXBuildFile; fileRef = 8AA670ED23DC9DE100614493 /* ChallengesTableViewModel.swift */; };
		8AE8D38623DCCBAD0051B607 /* ChallengeTableViewCell.swift in Sources */ = {isa = PBXBuildFile; fileRef = 8AE8D38523DCCBAD0051B607 /* ChallengeTableViewCell.swift */; };
		8AE8D38823DCCBBD0051B607 /* ChallengeTableViewCell.xib in Resources */ = {isa = PBXBuildFile; fileRef = 8AE8D38723DCCBBD0051B607 /* ChallengeTableViewCell.xib */; };
		8AE8D38C23DCD8800051B607 /* LoginViewModel.swift in Sources */ = {isa = PBXBuildFile; fileRef = 8AE8D38B23DCD8800051B607 /* LoginViewModel.swift */; };
		8AE8D38E23DCD88F0051B607 /* LoginViewWorker.swift in Sources */ = {isa = PBXBuildFile; fileRef = 8AE8D38D23DCD88F0051B607 /* LoginViewWorker.swift */; };
		8AE8D39923DCFCE30051B607 /* InProgressViewController.swift in Sources */ = {isa = PBXBuildFile; fileRef = 8AE8D39723DCFCE30051B607 /* InProgressViewController.swift */; };
		8AE8D39A23DCFCE30051B607 /* InProgressViewController.xib in Resources */ = {isa = PBXBuildFile; fileRef = 8AE8D39823DCFCE30051B607 /* InProgressViewController.xib */; };
		8AE8D39C23DDFD7A0051B607 /* UILabelExtensions.swift in Sources */ = {isa = PBXBuildFile; fileRef = 8AE8D39B23DDFD7A0051B607 /* UILabelExtensions.swift */; };
/* End PBXBuildFile section */

/* Begin PBXFileReference section */
		2D6D6C3F328E2994A9522FAD /* Pods-TNL.debug.xcconfig */ = {isa = PBXFileReference; includeInIndex = 1; lastKnownFileType = text.xcconfig; name = "Pods-TNL.debug.xcconfig"; path = "Target Support Files/Pods-TNL/Pods-TNL.debug.xcconfig"; sourceTree = "<group>"; };
		46640A2562C4435154316242 /* Pods-TNL.release.xcconfig */ = {isa = PBXFileReference; includeInIndex = 1; lastKnownFileType = text.xcconfig; name = "Pods-TNL.release.xcconfig"; path = "Target Support Files/Pods-TNL/Pods-TNL.release.xcconfig"; sourceTree = "<group>"; };
		7543842B17FCCA3E1A20B87A /* Pods_TNL.framework */ = {isa = PBXFileReference; explicitFileType = wrapper.framework; includeInIndex = 0; path = Pods_TNL.framework; sourceTree = BUILT_PRODUCTS_DIR; };
		8A4A3E0523DE950300672C09 /* SettingsViewModel.swift */ = {isa = PBXFileReference; lastKnownFileType = sourcecode.swift; path = SettingsViewModel.swift; sourceTree = "<group>"; };
		8A4A3E0723DE9AD900672C09 /* SettingsTableViewController.swift */ = {isa = PBXFileReference; lastKnownFileType = sourcecode.swift; path = SettingsTableViewController.swift; sourceTree = "<group>"; };
		8A4A3E0823DE9AD900672C09 /* SettingsTableViewController.xib */ = {isa = PBXFileReference; lastKnownFileType = file.xib; path = SettingsTableViewController.xib; sourceTree = "<group>"; };
		8AA6709623DA92D800614493 /* TNL.app */ = {isa = PBXFileReference; explicitFileType = wrapper.application; includeInIndex = 0; path = TNL.app; sourceTree = BUILT_PRODUCTS_DIR; };
		8AA6709923DA92D800614493 /* AppDelegate.swift */ = {isa = PBXFileReference; lastKnownFileType = sourcecode.swift; path = AppDelegate.swift; sourceTree = "<group>"; };
		8AA6709B23DA92D800614493 /* SceneDelegate.swift */ = {isa = PBXFileReference; lastKnownFileType = sourcecode.swift; path = SceneDelegate.swift; sourceTree = "<group>"; };
		8AA6709D23DA92D800614493 /* LandingViewController.swift */ = {isa = PBXFileReference; lastKnownFileType = sourcecode.swift; path = LandingViewController.swift; sourceTree = "<group>"; };
		8AA670A023DA92D800614493 /* Base */ = {isa = PBXFileReference; lastKnownFileType = file.storyboard; name = Base; path = Base.lproj/Landing.storyboard; sourceTree = "<group>"; };
		8AA670A223DA92DF00614493 /* Assets.xcassets */ = {isa = PBXFileReference; lastKnownFileType = folder.assetcatalog; path = Assets.xcassets; sourceTree = "<group>"; };
		8AA670A523DA92DF00614493 /* Base */ = {isa = PBXFileReference; lastKnownFileType = file.storyboard; name = Base; path = Base.lproj/LaunchScreen.storyboard; sourceTree = "<group>"; };
		8AA670A723DA92DF00614493 /* Info.plist */ = {isa = PBXFileReference; lastKnownFileType = text.plist.xml; path = Info.plist; sourceTree = "<group>"; };
		8AA670B423DA9D4300614493 /* LoginViewController.swift */ = {isa = PBXFileReference; lastKnownFileType = sourcecode.swift; path = LoginViewController.swift; sourceTree = "<group>"; };
		8AA670B523DA9D4300614493 /* LoginViewController.xib */ = {isa = PBXFileReference; lastKnownFileType = file.xib; path = LoginViewController.xib; sourceTree = "<group>"; };
		8AA670BA23DA9FED00614493 /* ColorsExtensions.swift */ = {isa = PBXFileReference; lastKnownFileType = sourcecode.swift; path = ColorsExtensions.swift; sourceTree = "<group>"; };
		8AA670BD23DAB05300614493 /* SimpleNotificationViewController.swift */ = {isa = PBXFileReference; lastKnownFileType = sourcecode.swift; path = SimpleNotificationViewController.swift; sourceTree = "<group>"; };
		8AA670BE23DAB05300614493 /* SimpleNotificationViewController.xib */ = {isa = PBXFileReference; lastKnownFileType = file.xib; path = SimpleNotificationViewController.xib; sourceTree = "<group>"; };
		8AA670C123DAB22D00614493 /* UITapGestureRecognizerExtensions.swift */ = {isa = PBXFileReference; lastKnownFileType = sourcecode.swift; path = UITapGestureRecognizerExtensions.swift; sourceTree = "<group>"; };
		8AA670C323DABCA500614493 /* UIViewControllerExtensions.swift */ = {isa = PBXFileReference; lastKnownFileType = sourcecode.swift; path = UIViewControllerExtensions.swift; sourceTree = "<group>"; };
		8AA670C723DAD67D00614493 /* StringExtensions.swift */ = {isa = PBXFileReference; lastKnownFileType = sourcecode.swift; path = StringExtensions.swift; sourceTree = "<group>"; };
		8AA670DF23DBDBB300614493 /* ChallengeModel.swift */ = {isa = PBXFileReference; lastKnownFileType = sourcecode.swift; path = ChallengeModel.swift; sourceTree = "<group>"; };
		8AA670E923DC9A6C00614493 /* ChallengesTableViewController.swift */ = {isa = PBXFileReference; lastKnownFileType = sourcecode.swift; path = ChallengesTableViewController.swift; sourceTree = "<group>"; };
		8AA670EA23DC9A6C00614493 /* ChallengesTableViewController.xib */ = {isa = PBXFileReference; lastKnownFileType = file.xib; path = ChallengesTableViewController.xib; sourceTree = "<group>"; };
		8AA670ED23DC9DE100614493 /* ChallengesTableViewModel.swift */ = {isa = PBXFileReference; lastKnownFileType = sourcecode.swift; path = ChallengesTableViewModel.swift; sourceTree = "<group>"; };
		8AE8D38523DCCBAD0051B607 /* ChallengeTableViewCell.swift */ = {isa = PBXFileReference; lastKnownFileType = sourcecode.swift; path = ChallengeTableViewCell.swift; sourceTree = "<group>"; };
		8AE8D38723DCCBBD0051B607 /* ChallengeTableViewCell.xib */ = {isa = PBXFileReference; fileEncoding = 4; lastKnownFileType = file.xib; path = ChallengeTableViewCell.xib; sourceTree = "<group>"; };
		8AE8D38B23DCD8800051B607 /* LoginViewModel.swift */ = {isa = PBXFileReference; lastKnownFileType = sourcecode.swift; path = LoginViewModel.swift; sourceTree = "<group>"; };
		8AE8D38D23DCD88F0051B607 /* LoginViewWorker.swift */ = {isa = PBXFileReference; lastKnownFileType = sourcecode.swift; path = LoginViewWorker.swift; sourceTree = "<group>"; };
		8AE8D39723DCFCE30051B607 /* InProgressViewController.swift */ = {isa = PBXFileReference; lastKnownFileType = sourcecode.swift; path = InProgressViewController.swift; sourceTree = "<group>"; };
		8AE8D39823DCFCE30051B607 /* InProgressViewController.xib */ = {isa = PBXFileReference; lastKnownFileType = file.xib; path = InProgressViewController.xib; sourceTree = "<group>"; };
		8AE8D39B23DDFD7A0051B607 /* UILabelExtensions.swift */ = {isa = PBXFileReference; lastKnownFileType = sourcecode.swift; path = UILabelExtensions.swift; sourceTree = "<group>"; };
/* End PBXFileReference section */

/* Begin PBXFrameworksBuildPhase section */
		8AA6709323DA92D800614493 /* Frameworks */ = {
			isa = PBXFrameworksBuildPhase;
			buildActionMask = 2147483647;
			files = (
				8A1D6921A71CE0577ADF2CE6 /* Pods_TNL.framework in Frameworks */,
			);
			runOnlyForDeploymentPostprocessing = 0;
		};
/* End PBXFrameworksBuildPhase section */

/* Begin PBXGroup section */
		2DCF65B0EBFC01E7AFB77830 /* Frameworks */ = {
			isa = PBXGroup;
			children = (
				7543842B17FCCA3E1A20B87A /* Pods_TNL.framework */,
			);
			name = Frameworks;
			sourceTree = "<group>";
		};
		6ACAFE82454C2FE23593FADE /* Pods */ = {
			isa = PBXGroup;
			children = (
				2D6D6C3F328E2994A9522FAD /* Pods-TNL.debug.xcconfig */,
				46640A2562C4435154316242 /* Pods-TNL.release.xcconfig */,
			);
			path = Pods;
			sourceTree = "<group>";
		};
		8A7767DC23DE7D5D001DE6EB /* TabBarViews */ = {
			isa = PBXGroup;
			children = (
				8AA670E323DBDF7F00614493 /* Settings */,
				8AA670E223DBDF6F00614493 /* Challenges */,
			);
			path = TabBarViews;
			sourceTree = "<group>";
		};
		8A7767DD23DE7D90001DE6EB /* Alerts */ = {
			isa = PBXGroup;
			children = (
				8AE8D39623DCFCC80051B607 /* InProgress */,
				8AA670BC23DAB02600614493 /* NotificationModel */,
			);
			path = Alerts;
			sourceTree = "<group>";
		};
		8AA6708D23DA92D800614493 = {
			isa = PBXGroup;
			children = (
				8AA6709823DA92D800614493 /* TNL */,
				6ACAFE82454C2FE23593FADE /* Pods */,
				8AA6709723DA92D800614493 /* Products */,
				2DCF65B0EBFC01E7AFB77830 /* Frameworks */,
			);
			sourceTree = "<group>";
		};
		8AA6709723DA92D800614493 /* Products */ = {
			isa = PBXGroup;
			children = (
				8AA6709623DA92D800614493 /* TNL.app */,
			);
			name = Products;
			sourceTree = "<group>";
		};
		8AA6709823DA92D800614493 /* TNL */ = {
			isa = PBXGroup;
			children = (
				8AA670AE23DA98C600614493 /* Application */,
				8AA670B823DA9F7300614493 /* Entities */,
				8AA670B923DA9FA900614493 /* Extensions */,
				8AA670AF23DA98D900614493 /* Modules */,
				8AA670AD23DA967300614493 /* Supporting Files */,
			);
			path = TNL;
			sourceTree = "<group>";
		};
		8AA670AD23DA967300614493 /* Supporting Files */ = {
			isa = PBXGroup;
			children = (
				8AA670A223DA92DF00614493 /* Assets.xcassets */,
				8AA670A423DA92DF00614493 /* LaunchScreen.storyboard */,
				8AA670A723DA92DF00614493 /* Info.plist */,
			);
			path = "Supporting Files";
			sourceTree = "<group>";
		};
		8AA670AE23DA98C600614493 /* Application */ = {
			isa = PBXGroup;
			children = (
				8AA6709923DA92D800614493 /* AppDelegate.swift */,
				8AA6709B23DA92D800614493 /* SceneDelegate.swift */,
			);
			path = Application;
			sourceTree = "<group>";
		};
		8AA670AF23DA98D900614493 /* Modules */ = {
			isa = PBXGroup;
			children = (
				8A7767DD23DE7D90001DE6EB /* Alerts */,
				8A7767DC23DE7D5D001DE6EB /* TabBarViews */,
				8AA670B023DA98EB00614493 /* Landing */,
				8AA670B323DA9D1F00614493 /* Login */,
			);
			path = Modules;
			sourceTree = "<group>";
		};
		8AA670B023DA98EB00614493 /* Landing */ = {
			isa = PBXGroup;
			children = (
				8AA6709D23DA92D800614493 /* LandingViewController.swift */,
				8AA6709F23DA92D800614493 /* Landing.storyboard */,
			);
			path = Landing;
			sourceTree = "<group>";
		};
		8AA670B323DA9D1F00614493 /* Login */ = {
			isa = PBXGroup;
			children = (
				8AA670B423DA9D4300614493 /* LoginViewController.swift */,
				8AA670B523DA9D4300614493 /* LoginViewController.xib */,
				8AE8D38D23DCD88F0051B607 /* LoginViewWorker.swift */,
				8AE8D38B23DCD8800051B607 /* LoginViewModel.swift */,
			);
			path = Login;
			sourceTree = "<group>";
		};
		8AA670B823DA9F7300614493 /* Entities */ = {
			isa = PBXGroup;
			children = (
				8AA670DF23DBDBB300614493 /* ChallengeModel.swift */,
			);
			path = Entities;
			sourceTree = "<group>";
		};
		8AA670B923DA9FA900614493 /* Extensions */ = {
			isa = PBXGroup;
			children = (
				8AA670BA23DA9FED00614493 /* ColorsExtensions.swift */,
				8AA670C123DAB22D00614493 /* UITapGestureRecognizerExtensions.swift */,
				8AA670C323DABCA500614493 /* UIViewControllerExtensions.swift */,
				8AA670C723DAD67D00614493 /* StringExtensions.swift */,
				8AE8D39B23DDFD7A0051B607 /* UILabelExtensions.swift */,
			);
			path = Extensions;
			sourceTree = "<group>";
		};
		8AA670BC23DAB02600614493 /* NotificationModel */ = {
			isa = PBXGroup;
			children = (
				8AA670BD23DAB05300614493 /* SimpleNotificationViewController.swift */,
				8AA670BE23DAB05300614493 /* SimpleNotificationViewController.xib */,
			);
			path = NotificationModel;
			sourceTree = "<group>";
		};
		8AA670E223DBDF6F00614493 /* Challenges */ = {
			isa = PBXGroup;
			children = (
				8AA670E423DBDFAB00614493 /* Cell */,
				8AA670E923DC9A6C00614493 /* ChallengesTableViewController.swift */,
				8AA670ED23DC9DE100614493 /* ChallengesTableViewModel.swift */,
				8AA670EA23DC9A6C00614493 /* ChallengesTableViewController.xib */,
			);
			path = Challenges;
			sourceTree = "<group>";
		};
		8AA670E323DBDF7F00614493 /* Settings */ = {
			isa = PBXGroup;
			children = (
				8A4A3E0523DE950300672C09 /* SettingsViewModel.swift */,
				8A4A3E0723DE9AD900672C09 /* SettingsTableViewController.swift */,
				8A4A3E0823DE9AD900672C09 /* SettingsTableViewController.xib */,
			);
			path = Settings;
			sourceTree = "<group>";
		};
		8AA670E423DBDFAB00614493 /* Cell */ = {
			isa = PBXGroup;
			children = (
				8AE8D38723DCCBBD0051B607 /* ChallengeTableViewCell.xib */,
				8AE8D38523DCCBAD0051B607 /* ChallengeTableViewCell.swift */,
			);
			path = Cell;
			sourceTree = "<group>";
		};
		8AE8D39623DCFCC80051B607 /* InProgress */ = {
			isa = PBXGroup;
			children = (
				8AE8D39723DCFCE30051B607 /* InProgressViewController.swift */,
				8AE8D39823DCFCE30051B607 /* InProgressViewController.xib */,
			);
			path = InProgress;
			sourceTree = "<group>";
		};
/* End PBXGroup section */

/* Begin PBXNativeTarget section */
		8AA6709523DA92D800614493 /* TNL */ = {
			isa = PBXNativeTarget;
			buildConfigurationList = 8AA670AA23DA92DF00614493 /* Build configuration list for PBXNativeTarget "TNL" */;
			buildPhases = (
				84944F4CD366659D2F23DB1D /* [CP] Check Pods Manifest.lock */,
				8AA6709223DA92D800614493 /* Sources */,
				8AA6709323DA92D800614493 /* Frameworks */,
				8AA6709423DA92D800614493 /* Resources */,
				A14D008684E4DC5111CEFA6F /* [CP] Embed Pods Frameworks */,
			);
			buildRules = (
			);
			dependencies = (
			);
			name = TNL;
			productName = TNL;
			productReference = 8AA6709623DA92D800614493 /* TNL.app */;
			productType = "com.apple.product-type.application";
		};
/* End PBXNativeTarget section */

/* Begin PBXProject section */
		8AA6708E23DA92D800614493 /* Project object */ = {
			isa = PBXProject;
			attributes = {
				LastSwiftUpdateCheck = 1130;
				LastUpgradeCheck = 1130;
				ORGANIZATIONNAME = "Gabriel Schmit Dall Agnol";
				TargetAttributes = {
					8AA6709523DA92D800614493 = {
						CreatedOnToolsVersion = 11.3.1;
					};
				};
			};
			buildConfigurationList = 8AA6709123DA92D800614493 /* Build configuration list for PBXProject "TNL" */;
			compatibilityVersion = "Xcode 9.3";
			developmentRegion = en;
			hasScannedForEncodings = 0;
			knownRegions = (
				en,
				Base,
			);
			mainGroup = 8AA6708D23DA92D800614493;
			productRefGroup = 8AA6709723DA92D800614493 /* Products */;
			projectDirPath = "";
			projectRoot = "";
			targets = (
				8AA6709523DA92D800614493 /* TNL */,
			);
		};
/* End PBXProject section */

/* Begin PBXResourcesBuildPhase section */
		8AA6709423DA92D800614493 /* Resources */ = {
			isa = PBXResourcesBuildPhase;
			buildActionMask = 2147483647;
			files = (
				8A4A3E0A23DE9AD900672C09 /* SettingsTableViewController.xib in Resources */,
				8AA670B723DA9D4400614493 /* LoginViewController.xib in Resources */,
				8AE8D39A23DCFCE30051B607 /* InProgressViewController.xib in Resources */,
				8AA670B223DA998600614493 /* Landing.storyboard in Resources */,
				8AA670B123DA998000614493 /* LaunchScreen.storyboard in Resources */,
				8AA670C023DAB05300614493 /* SimpleNotificationViewController.xib in Resources */,
				8AA670A323DA92DF00614493 /* Assets.xcassets in Resources */,
				8AA670EC23DC9A6C00614493 /* ChallengesTableViewController.xib in Resources */,
				8AE8D38823DCCBBD0051B607 /* ChallengeTableViewCell.xib in Resources */,
			);
			runOnlyForDeploymentPostprocessing = 0;
		};
/* End PBXResourcesBuildPhase section */

/* Begin PBXShellScriptBuildPhase section */
		84944F4CD366659D2F23DB1D /* [CP] Check Pods Manifest.lock */ = {
			isa = PBXShellScriptBuildPhase;
			buildActionMask = 2147483647;
			files = (
			);
			inputFileListPaths = (
			);
			inputPaths = (
				"${PODS_PODFILE_DIR_PATH}/Podfile.lock",
				"${PODS_ROOT}/Manifest.lock",
			);
			name = "[CP] Check Pods Manifest.lock";
			outputFileListPaths = (
			);
			outputPaths = (
				"$(DERIVED_FILE_DIR)/Pods-TNL-checkManifestLockResult.txt",
			);
			runOnlyForDeploymentPostprocessing = 0;
			shellPath = /bin/sh;
			shellScript = "diff \"${PODS_PODFILE_DIR_PATH}/Podfile.lock\" \"${PODS_ROOT}/Manifest.lock\" > /dev/null\nif [ $? != 0 ] ; then\n    # print error to STDERR\n    echo \"error: The sandbox is not in sync with the Podfile.lock. Run 'pod install' or update your CocoaPods installation.\" >&2\n    exit 1\nfi\n# This output is used by Xcode 'outputs' to avoid re-running this script phase.\necho \"SUCCESS\" > \"${SCRIPT_OUTPUT_FILE_0}\"\n";
			showEnvVarsInLog = 0;
		};
		A14D008684E4DC5111CEFA6F /* [CP] Embed Pods Frameworks */ = {
			isa = PBXShellScriptBuildPhase;
			buildActionMask = 2147483647;
			files = (
			);
			inputFileListPaths = (
				"${PODS_ROOT}/Target Support Files/Pods-TNL/Pods-TNL-frameworks-${CONFIGURATION}-input-files.xcfilelist",
			);
			name = "[CP] Embed Pods Frameworks";
			outputFileListPaths = (
				"${PODS_ROOT}/Target Support Files/Pods-TNL/Pods-TNL-frameworks-${CONFIGURATION}-output-files.xcfilelist",
			);
			runOnlyForDeploymentPostprocessing = 0;
			shellPath = /bin/sh;
			shellScript = "\"${PODS_ROOT}/Target Support Files/Pods-TNL/Pods-TNL-frameworks.sh\"\n";
			showEnvVarsInLog = 0;
		};
/* End PBXShellScriptBuildPhase section */

/* Begin PBXSourcesBuildPhase section */
		8AA6709223DA92D800614493 /* Sources */ = {
			isa = PBXSourcesBuildPhase;
			buildActionMask = 2147483647;
			files = (
				8AA670C423DABCA500614493 /* UIViewControllerExtensions.swift in Sources */,
				8AE8D38623DCCBAD0051B607 /* ChallengeTableViewCell.swift in Sources */,
				8AA670B623DA9D4400614493 /* LoginViewController.swift in Sources */,
				8AA670C223DAB22D00614493 /* UITapGestureRecognizerExtensions.swift in Sources */,
				8AA670EB23DC9A6C00614493 /* ChallengesTableViewController.swift in Sources */,
				8AA670C823DAD67D00614493 /* StringExtensions.swift in Sources */,
				8AA670BF23DAB05300614493 /* SimpleNotificationViewController.swift in Sources */,
				8AE8D38C23DCD8800051B607 /* LoginViewModel.swift in Sources */,
				8AA670BB23DA9FED00614493 /* ColorsExtensions.swift in Sources */,
				8AA670EE23DC9DE100614493 /* ChallengesTableViewModel.swift in Sources */,
				8AA6709E23DA92D800614493 /* LandingViewController.swift in Sources */,
				8AA6709A23DA92D800614493 /* AppDelegate.swift in Sources */,
				8AA6709C23DA92D800614493 /* SceneDelegate.swift in Sources */,
				8A4A3E0623DE950300672C09 /* SettingsViewModel.swift in Sources */,
				8AE8D39C23DDFD7A0051B607 /* UILabelExtensions.swift in Sources */,
				8A4A3E0923DE9AD900672C09 /* SettingsTableViewController.swift in Sources */,
				8AE8D39923DCFCE30051B607 /* InProgressViewController.swift in Sources */,
				8AE8D38E23DCD88F0051B607 /* LoginViewWorker.swift in Sources */,
				8AA670E023DBDBB300614493 /* ChallengeModel.swift in Sources */,
			);
			runOnlyForDeploymentPostprocessing = 0;
		};
/* End PBXSourcesBuildPhase section */

/* Begin PBXVariantGroup section */
		8AA6709F23DA92D800614493 /* Landing.storyboard */ = {
			isa = PBXVariantGroup;
			children = (
				8AA670A023DA92D800614493 /* Base */,
			);
			name = Landing.storyboard;
			sourceTree = "<group>";
		};
		8AA670A423DA92DF00614493 /* LaunchScreen.storyboard */ = {
			isa = PBXVariantGroup;
			children = (
				8AA670A523DA92DF00614493 /* Base */,
			);
			name = LaunchScreen.storyboard;
			sourceTree = "<group>";
		};
/* End PBXVariantGroup section */

/* Begin XCBuildConfiguration section */
		8AA670A823DA92DF00614493 /* Debug */ = {
			isa = XCBuildConfiguration;
			buildSettings = {
				ALWAYS_SEARCH_USER_PATHS = NO;
				CLANG_ANALYZER_NONNULL = YES;
				CLANG_ANALYZER_NUMBER_OBJECT_CONVERSION = YES_AGGRESSIVE;
				CLANG_CXX_LANGUAGE_STANDARD = "gnu++14";
				CLANG_CXX_LIBRARY = "libc++";
				CLANG_ENABLE_MODULES = YES;
				CLANG_ENABLE_OBJC_ARC = YES;
				CLANG_ENABLE_OBJC_WEAK = YES;
				CLANG_WARN_BLOCK_CAPTURE_AUTORELEASING = YES;
				CLANG_WARN_BOOL_CONVERSION = YES;
				CLANG_WARN_COMMA = YES;
				CLANG_WARN_CONSTANT_CONVERSION = YES;
				CLANG_WARN_DEPRECATED_OBJC_IMPLEMENTATIONS = YES;
				CLANG_WARN_DIRECT_OBJC_ISA_USAGE = YES_ERROR;
				CLANG_WARN_DOCUMENTATION_COMMENTS = YES;
				CLANG_WARN_EMPTY_BODY = YES;
				CLANG_WARN_ENUM_CONVERSION = YES;
				CLANG_WARN_INFINITE_RECURSION = YES;
				CLANG_WARN_INT_CONVERSION = YES;
				CLANG_WARN_NON_LITERAL_NULL_CONVERSION = YES;
				CLANG_WARN_OBJC_IMPLICIT_RETAIN_SELF = YES;
				CLANG_WARN_OBJC_LITERAL_CONVERSION = YES;
				CLANG_WARN_OBJC_ROOT_CLASS = YES_ERROR;
				CLANG_WARN_RANGE_LOOP_ANALYSIS = YES;
				CLANG_WARN_STRICT_PROTOTYPES = YES;
				CLANG_WARN_SUSPICIOUS_MOVE = YES;
				CLANG_WARN_UNGUARDED_AVAILABILITY = YES_AGGRESSIVE;
				CLANG_WARN_UNREACHABLE_CODE = YES;
				CLANG_WARN__DUPLICATE_METHOD_MATCH = YES;
				COPY_PHASE_STRIP = NO;
				DEBUG_INFORMATION_FORMAT = dwarf;
				ENABLE_STRICT_OBJC_MSGSEND = YES;
				ENABLE_TESTABILITY = YES;
				GCC_C_LANGUAGE_STANDARD = gnu11;
				GCC_DYNAMIC_NO_PIC = NO;
				GCC_NO_COMMON_BLOCKS = YES;
				GCC_OPTIMIZATION_LEVEL = 0;
				GCC_PREPROCESSOR_DEFINITIONS = (
					"DEBUG=1",
					"$(inherited)",
				);
				GCC_WARN_64_TO_32_BIT_CONVERSION = YES;
				GCC_WARN_ABOUT_RETURN_TYPE = YES_ERROR;
				GCC_WARN_UNDECLARED_SELECTOR = YES;
				GCC_WARN_UNINITIALIZED_AUTOS = YES_AGGRESSIVE;
				GCC_WARN_UNUSED_FUNCTION = YES;
				GCC_WARN_UNUSED_VARIABLE = YES;
				IPHONEOS_DEPLOYMENT_TARGET = 13.2;
				MTL_ENABLE_DEBUG_INFO = INCLUDE_SOURCE;
				MTL_FAST_MATH = YES;
				ONLY_ACTIVE_ARCH = YES;
				SDKROOT = iphoneos;
				SWIFT_ACTIVE_COMPILATION_CONDITIONS = DEBUG;
				SWIFT_OPTIMIZATION_LEVEL = "-Onone";
			};
			name = Debug;
		};
		8AA670A923DA92DF00614493 /* Release */ = {
			isa = XCBuildConfiguration;
			buildSettings = {
				ALWAYS_SEARCH_USER_PATHS = NO;
				CLANG_ANALYZER_NONNULL = YES;
				CLANG_ANALYZER_NUMBER_OBJECT_CONVERSION = YES_AGGRESSIVE;
				CLANG_CXX_LANGUAGE_STANDARD = "gnu++14";
				CLANG_CXX_LIBRARY = "libc++";
				CLANG_ENABLE_MODULES = YES;
				CLANG_ENABLE_OBJC_ARC = YES;
				CLANG_ENABLE_OBJC_WEAK = YES;
				CLANG_WARN_BLOCK_CAPTURE_AUTORELEASING = YES;
				CLANG_WARN_BOOL_CONVERSION = YES;
				CLANG_WARN_COMMA = YES;
				CLANG_WARN_CONSTANT_CONVERSION = YES;
				CLANG_WARN_DEPRECATED_OBJC_IMPLEMENTATIONS = YES;
				CLANG_WARN_DIRECT_OBJC_ISA_USAGE = YES_ERROR;
				CLANG_WARN_DOCUMENTATION_COMMENTS = YES;
				CLANG_WARN_EMPTY_BODY = YES;
				CLANG_WARN_ENUM_CONVERSION = YES;
				CLANG_WARN_INFINITE_RECURSION = YES;
				CLANG_WARN_INT_CONVERSION = YES;
				CLANG_WARN_NON_LITERAL_NULL_CONVERSION = YES;
				CLANG_WARN_OBJC_IMPLICIT_RETAIN_SELF = YES;
				CLANG_WARN_OBJC_LITERAL_CONVERSION = YES;
				CLANG_WARN_OBJC_ROOT_CLASS = YES_ERROR;
				CLANG_WARN_RANGE_LOOP_ANALYSIS = YES;
				CLANG_WARN_STRICT_PROTOTYPES = YES;
				CLANG_WARN_SUSPICIOUS_MOVE = YES;
				CLANG_WARN_UNGUARDED_AVAILABILITY = YES_AGGRESSIVE;
				CLANG_WARN_UNREACHABLE_CODE = YES;
				CLANG_WARN__DUPLICATE_METHOD_MATCH = YES;
				COPY_PHASE_STRIP = NO;
				DEBUG_INFORMATION_FORMAT = "dwarf-with-dsym";
				ENABLE_NS_ASSERTIONS = NO;
				ENABLE_STRICT_OBJC_MSGSEND = YES;
				GCC_C_LANGUAGE_STANDARD = gnu11;
				GCC_NO_COMMON_BLOCKS = YES;
				GCC_WARN_64_TO_32_BIT_CONVERSION = YES;
				GCC_WARN_ABOUT_RETURN_TYPE = YES_ERROR;
				GCC_WARN_UNDECLARED_SELECTOR = YES;
				GCC_WARN_UNINITIALIZED_AUTOS = YES_AGGRESSIVE;
				GCC_WARN_UNUSED_FUNCTION = YES;
				GCC_WARN_UNUSED_VARIABLE = YES;
				IPHONEOS_DEPLOYMENT_TARGET = 13.2;
				MTL_ENABLE_DEBUG_INFO = NO;
				MTL_FAST_MATH = YES;
				SDKROOT = iphoneos;
				SWIFT_COMPILATION_MODE = wholemodule;
				SWIFT_OPTIMIZATION_LEVEL = "-O";
				VALIDATE_PRODUCT = YES;
			};
			name = Release;
		};
		8AA670AB23DA92DF00614493 /* Debug */ = {
			isa = XCBuildConfiguration;
			baseConfigurationReference = 2D6D6C3F328E2994A9522FAD /* Pods-TNL.debug.xcconfig */;
			buildSettings = {
				ASSETCATALOG_COMPILER_APPICON_NAME = AppIcon;
				CODE_SIGN_STYLE = Automatic;
				DEVELOPMENT_TEAM = 5675V369VA;
				INFOPLIST_FILE = "TNL/Supporting Files/Info.plist";
				LD_RUNPATH_SEARCH_PATHS = (
					"$(inherited)",
					"@executable_path/Frameworks",
				);
				PRODUCT_BUNDLE_IDENTIFIER = com.Teste.TNL;
				PRODUCT_NAME = "$(TARGET_NAME)";
				SWIFT_VERSION = 5.0;
				TARGETED_DEVICE_FAMILY = 1;
			};
			name = Debug;
		};
		8AA670AC23DA92DF00614493 /* Release */ = {
			isa = XCBuildConfiguration;
			baseConfigurationReference = 46640A2562C4435154316242 /* Pods-TNL.release.xcconfig */;
			buildSettings = {
				ASSETCATALOG_COMPILER_APPICON_NAME = AppIcon;
				CODE_SIGN_STYLE = Automatic;
				DEVELOPMENT_TEAM = 5675V369VA;
				INFOPLIST_FILE = "TNL/Supporting Files/Info.plist";
				LD_RUNPATH_SEARCH_PATHS = (
					"$(inherited)",
					"@executable_path/Frameworks",
				);
				PRODUCT_BUNDLE_IDENTIFIER = com.Teste.TNL;
				PRODUCT_NAME = "$(TARGET_NAME)";
				SWIFT_VERSION = 5.0;
				TARGETED_DEVICE_FAMILY = 1;
			};
			name = Release;
		};
/* End XCBuildConfiguration section */

/* Begin XCConfigurationList section */
		8AA6709123DA92D800614493 /* Build configuration list for PBXProject "TNL" */ = {
			isa = XCConfigurationList;
			buildConfigurations = (
				8AA670A823DA92DF00614493 /* Debug */,
				8AA670A923DA92DF00614493 /* Release */,
			);
			defaultConfigurationIsVisible = 0;
			defaultConfigurationName = Release;
		};
		8AA670AA23DA92DF00614493 /* Build configuration list for PBXNativeTarget "TNL" */ = {
			isa = XCConfigurationList;
			buildConfigurations = (
				8AA670AB23DA92DF00614493 /* Debug */,
				8AA670AC23DA92DF00614493 /* Release */,
			);
			defaultConfigurationIsVisible = 0;
			defaultConfigurationName = Release;
		};
/* End XCConfigurationList section */
	};
	rootObject = 8AA6708E23DA92D800614493 /* Project object */;
}
